
Microsoft Visual Studio Solution File, Format Version 12.00
# Visual Studio Version 16
VisualStudioVersion = 16.0.31729.503
MinimumVisualStudioVersion = 10.0.40219.1
Project("{9A19103F-16F7-4668-BE54-9A1E7A4F7556}") = "PlatformService", "PlatformService\PlatformService.csproj", "{4CB09EA8-01F3-4D75-B5D5-AC8427F8E04E}"
EndProject
Project("{2150E333-8FDC-42A3-9474-1A3956D46DE8}") = "src", "src", "{578D1632-FA4C-48DA-B1A8-F827067DBF9C}"
EndProject
Project("{2150E333-8FDC-42A3-9474-1A3956D46DE8}") = "test", "test", "{13457ED8-3FAE-4AD2-9EE8-44E7EF941DD4}"
EndProject
Project("{9A19103F-16F7-4668-BE54-9A1E7A4F7556}") = "PlatformService.UnitTests", "PlatformService.UnitTests\PlatformService.UnitTests.csproj", "{CA1F154A-AB72-45EF-AEE6-7C0841DD4B78}"
EndProject
Global
	GlobalSection(SolutionConfigurationPlatforms) = preSolution
		Debug|Any CPU = Debug|Any CPU
		Release|Any CPU = Release|Any CPU
	EndGlobalSection
	GlobalSection(ProjectConfigurationPlatforms) = postSolution
		{4CB09EA8-01F3-4D75-B5D5-AC8427F8E04E}.Debug|Any CPU.ActiveCfg = Debug|Any CPU
		{4CB09EA8-01F3-4D75-B5D5-AC8427F8E04E}.Debug|Any CPU.Build.0 = Debug|Any CPU
		{4CB09EA8-01F3-4D75-B5D5-AC8427F8E04E}.Release|Any CPU.ActiveCfg = Release|Any CPU
		{4CB09EA8-01F3-4D75-B5D5-AC8427F8E04E}.Release|Any CPU.Build.0 = Release|Any CPU
		{CA1F154A-AB72-45EF-AEE6-7C0841DD4B78}.Debug|Any CPU.ActiveCfg = Debug|Any CPU
		{CA1F154A-AB72-45EF-AEE6-7C0841DD4B78}.Debug|Any CPU.Build.0 = Debug|Any CPU
		{CA1F154A-AB72-45EF-AEE6-7C0841DD4B78}.Release|Any CPU.ActiveCfg = Release|Any CPU
		{CA1F154A-AB72-45EF-AEE6-7C0841DD4B78}.Release|Any CPU.Build.0 = Release|Any CPU
	EndGlobalSection
	GlobalSection(SolutionProperties) = preSolution
		HideSolutionNode = FALSE
	EndGlobalSection
	GlobalSection(NestedProjects) = preSolution
		{4CB09EA8-01F3-4D75-B5D5-AC8427F8E04E} = {578D1632-FA4C-48DA-B1A8-F827067DBF9C}
		{CA1F154A-AB72-45EF-AEE6-7C0841DD4B78} = {13457ED8-3FAE-4AD2-9EE8-44E7EF941DD4}
	EndGlobalSection
	GlobalSection(ExtensibilityGlobals) = postSolution
		SolutionGuid = {F913BE8D-256C-459C-AE7F-C292C88452FD}
	EndGlobalSection
EndGlobal
