
Microsoft Visual Studio Solution File, Format Version 12.00
# Visual Studio Version 16
VisualStudioVersion = 16.0.31729.503
MinimumVisualStudioVersion = 10.0.40219.1
Project("{9A19103F-16F7-4668-BE54-9A1E7A4F7556}") = "CommandService", "CommandService\CommandService.csproj", "{61FBCA0B-561B-48AD-84D2-BC9F64FF437B}"
EndProject
Project("{2150E333-8FDC-42A3-9474-1A3956D46DE8}") = "src", "src", "{6A915AC5-D91A-42A1-9ECB-12AA23D1ADB8}"
EndProject
Project("{2150E333-8FDC-42A3-9474-1A3956D46DE8}") = "test", "test", "{8F3560BF-7373-4461-8C5D-39DAE693342B}"
EndProject
Project("{FAE04EC0-301F-11D3-BF4B-00C04F79EFBC}") = "CommandService.UnitTests", "CommandService.UnitTests\CommandService.UnitTests.csproj", "{43BD6CE8-1628-428C-B901-DF506726165E}"
EndProject
Global
	GlobalSection(SolutionConfigurationPlatforms) = preSolution
		Debug|Any CPU = Debug|Any CPU
		Release|Any CPU = Release|Any CPU
	EndGlobalSection
	GlobalSection(ProjectConfigurationPlatforms) = postSolution
		{61FBCA0B-561B-48AD-84D2-BC9F64FF437B}.Debug|Any CPU.ActiveCfg = Debug|Any CPU
		{61FBCA0B-561B-48AD-84D2-BC9F64FF437B}.Debug|Any CPU.Build.0 = Debug|Any CPU
		{61FBCA0B-561B-48AD-84D2-BC9F64FF437B}.Release|Any CPU.ActiveCfg = Release|Any CPU
		{61FBCA0B-561B-48AD-84D2-BC9F64FF437B}.Release|Any CPU.Build.0 = Release|Any CPU
		{43BD6CE8-1628-428C-B901-DF506726165E}.Debug|Any CPU.ActiveCfg = Debug|Any CPU
		{43BD6CE8-1628-428C-B901-DF506726165E}.Debug|Any CPU.Build.0 = Debug|Any CPU
		{43BD6CE8-1628-428C-B901-DF506726165E}.Release|Any CPU.ActiveCfg = Release|Any CPU
		{43BD6CE8-1628-428C-B901-DF506726165E}.Release|Any CPU.Build.0 = Release|Any CPU
	EndGlobalSection
	GlobalSection(SolutionProperties) = preSolution
		HideSolutionNode = FALSE
	EndGlobalSection
	GlobalSection(NestedProjects) = preSolution
		{61FBCA0B-561B-48AD-84D2-BC9F64FF437B} = {6A915AC5-D91A-42A1-9ECB-12AA23D1ADB8}
		{43BD6CE8-1628-428C-B901-DF506726165E} = {8F3560BF-7373-4461-8C5D-39DAE693342B}
	EndGlobalSection
	GlobalSection(ExtensibilityGlobals) = postSolution
		SolutionGuid = {F42D8B85-B661-410C-ADF9-4F42DD28CB1E}
	EndGlobalSection
EndGlobal
